{
  "nodes": {
    "flake-utils": {
      "locked": {
        "lastModified": 1644229661,
        "narHash": "sha256-1YdnJAsNy69bpcjuoKdOYQX0YxZBiCYZo4Twxerqv7k=",
        "owner": "numtide",
        "repo": "flake-utils",
        "rev": "3cecb5b042f7f209c56ffd8371b2711a290ec797",
        "type": "github"
      },
      "original": {
        "owner": "numtide",
        "repo": "flake-utils",
        "type": "github"
      }
    },
    "nixpkgs": {
      "locked": {
        "lastModified": 1645527175,
        "narHash": "sha256-WeewqaO48sCctiN+iwgZZEJRU29Si7vHHoLCINAvuk8=",
        "owner": "NixOS",
        "repo": "nixpkgs",
        "rev": "38346f64616c3176f73ad0f20e51557ec0f3d75d",
        "type": "github"
      },
      "original": {
        "id": "nixpkgs",
        "ref": "nixpkgs-unstable",
        "type": "indirect"
      }
    },
    "nixpkgs-pointer": {
      "inputs": {
        "flake-utils": "flake-utils",
        "nixpkgs": "nixpkgs"
      },
      "locked": {
        "lastModified": 1645683353,
        "narHash": "sha256-p1+2QcEc52pW+5mwIDSLw98gsTNfhq77rzzwjSExqqs=",
        "owner": "yipengsun",
        "repo": "nixpkgs-pointer",
        "rev": "af478cf0d1f02563ee11d917caabe7dc7c82d67f",
        "type": "github"
      },
      "original": {
        "owner": "yipengsun",
        "repo": "nixpkgs-pointer",
        "type": "github"
      }
    },
    "root": {
      "inputs": {
        "flake-utils": [
          "nixpkgs-pointer",
          "flake-utils"
        ],
        "nixpkgs": [
          "nixpkgs-pointer",
          "nixpkgs"
        ],
        "nixpkgs-pointer": "nixpkgs-pointer"
      }
    }
  },
  "root": "root",
  "version": 7
}
